// !$*UTF8*$!
{
	archiveVersion = 1;
	classes = {
	};
	objectVersion = 46;
	objects = {

/* Begin PBXBuildFile section */
		B29587861DB55147003118E5 /* AppDelegate.swift in Sources */ = {isa = PBXBuildFile; fileRef = B29587851DB55147003118E5 /* AppDelegate.swift */; };
		B29587881DB55147003118E5 /* ViewController.swift in Sources */ = {isa = PBXBuildFile; fileRef = B29587871DB55147003118E5 /* ViewController.swift */; };
		B295878B1DB55147003118E5 /* Main.storyboard in Resources */ = {isa = PBXBuildFile; fileRef = B29587891DB55147003118E5 /* Main.storyboard */; };
		B295878D1DB55147003118E5 /* Assets.xcassets in Resources */ = {isa = PBXBuildFile; fileRef = B295878C1DB55147003118E5 /* Assets.xcassets */; };
		B29587901DB55147003118E5 /* LaunchScreen.storyboard in Resources */ = {isa = PBXBuildFile; fileRef = B295878E1DB55147003118E5 /* LaunchScreen.storyboard */; };
/* End PBXBuildFile section */

/* Begin PBXFileReference section */
		B29587821DB55147003118E5 /* BaaSKitTestApp.app */ = {isa = PBXFileReference; explicitFileType = wrapper.application; includeInIndex = 0; path = BaaSKitTestApp.app; sourceTree = BUILT_PRODUCTS_DIR; };
		B29587851DB55147003118E5 /* AppDelegate.swift */ = {isa = PBXFileReference; lastKnownFileType = sourcecode.swift; path = AppDelegate.swift; sourceTree = "<group>"; };
		B29587871DB55147003118E5 /* ViewController.swift */ = {isa = PBXFileReference; lastKnownFileType = sourcecode.swift; path = ViewController.swift; sourceTree = "<group>"; };
		B295878A1DB55147003118E5 /* Base */ = {isa = PBXFileReference; lastKnownFileType = file.storyboard; name = Base; path = Base.lproj/Main.storyboard; sourceTree = "<group>"; };
		B295878C1DB55147003118E5 /* Assets.xcassets */ = {isa = PBXFileReference; lastKnownFileType = folder.assetcatalog; path = Assets.xcassets; sourceTree = "<group>"; };
		B295878F1DB55147003118E5 /* Base */ = {isa = PBXFileReference; lastKnownFileType = file.storyboard; name = Base; path = Base.lproj/LaunchScreen.storyboard; sourceTree = "<group>"; };
		B29587911DB55147003118E5 /* Info.plist */ = {isa = PBXFileReference; lastKnownFileType = text.plist.xml; path = Info.plist; sourceTree = "<group>"; };
/* End PBXFileReference section */

/* Begin PBXFrameworksBuildPhase section */
		B295877F1DB55147003118E5 /* Frameworks */ = {
			isa = PBXFrameworksBuildPhase;
			buildActionMask = 2147483647;
			files = (
			);
			runOnlyForDeploymentPostprocessing = 0;
		};
/* End PBXFrameworksBuildPhase section */

/* Begin PBXGroup section */
		B29587791DB55147003118E5 = {
			isa = PBXGroup;
			children = (
				B29587841DB55147003118E5 /* BaaSKitTestApp */,
				B29587831DB55147003118E5 /* Products */,
			);
			sourceTree = "<group>";
		};
		B29587831DB55147003118E5 /* Products */ = {
			isa = PBXGroup;
			children = (
				B29587821DB55147003118E5 /* BaaSKitTestApp.app */,
			);
			name = Products;
			sourceTree = "<group>";
		};
		B29587841DB55147003118E5 /* BaaSKitTestApp */ = {
			isa = PBXGroup;
			children = (
				B29587851DB55147003118E5 /* AppDelegate.swift */,
				B29587871DB55147003118E5 /* ViewController.swift */,
				B29587891DB55147003118E5 /* Main.storyboard */,
				B295878C1DB55147003118E5 /* Assets.xcassets */,
				B295878E1DB55147003118E5 /* LaunchScreen.storyboard */,
				B29587911DB55147003118E5 /* Info.plist */,
			);
			path = BaaSKitTestApp;
			sourceTree = "<group>";
		};
/* End PBXGroup section */

/* Begin PBXNativeTarget section */
		B29587811DB55147003118E5 /* BaaSKitTestApp */ = {
			isa = PBXNativeTarget;
			buildConfigurationList = B29587941DB55147003118E5 /* Build configuration list for PBXNativeTarget "BaaSKitTestApp" */;
			buildPhases = (
				B295877E1DB55147003118E5 /* Sources */,
				B295877F1DB55147003118E5 /* Frameworks */,
				B29587801DB55147003118E5 /* Resources */,
			);
			buildRules = (
			);
			dependencies = (
			);
			name = BaaSKitTestApp;
			productName = BaaSKitTestApp;
			productReference = B29587821DB55147003118E5 /* BaaSKitTestApp.app */;
			productType = "com.apple.product-type.application";
		};
/* End PBXNativeTarget section */

/* Begin PBXProject section */
		B295877A1DB55147003118E5 /* Project object */ = {
			isa = PBXProject;
			attributes = {
				LastSwiftUpdateCheck = 0800;
				LastUpgradeCheck = 0800;
				ORGANIZATIONNAME = "Timothy Barnard";
				TargetAttributes = {
					B29587811DB55147003118E5 = {
						CreatedOnToolsVersion = 8.0;
						DevelopmentTeam = 4EU4PGMLU9;
						ProvisioningStyle = Automatic;
					};
				};
			};
			buildConfigurationList = B295877D1DB55147003118E5 /* Build configuration list for PBXProject "BaaSKitTestApp" */;
			compatibilityVersion = "Xcode 3.2";
			developmentRegion = English;
			hasScannedForEncodings = 0;
			knownRegions = (
				en,
				Base,
			);
			mainGroup = B29587791DB55147003118E5;
			productRefGroup = B29587831DB55147003118E5 /* Products */;
			projectDirPath = "";
			projectRoot = "";
			targets = (
				B29587811DB55147003118E5 /* BaaSKitTestApp */,
			);
		};
/* End PBXProject section */

/* Begin PBXResourcesBuildPhase section */
		B29587801DB55147003118E5 /* Resources */ = {
			isa = PBXResourcesBuildPhase;
			buildActionMask = 2147483647;
			files = (
				B29587901DB55147003118E5 /* LaunchScreen.storyboard in Resources */,
				B295878D1DB55147003118E5 /* Assets.xcassets in Resources */,
				B295878B1DB55147003118E5 /* Main.storyboard in Resources */,
			);
			runOnlyForDeploymentPostprocessing = 0;
		};
/* End PBXResourcesBuildPhase section */

/* Begin PBXSourcesBuildPhase section */
		B295877E1DB55147003118E5 /* Sources */ = {
			isa = PBXSourcesBuildPhase;
			buildActionMask = 2147483647;
			files = (
				B29587881DB55147003118E5 /* ViewController.swift in Sources */,
				B29587861DB55147003118E5 /* AppDelegate.swift in Sources */,
			);
			runOnlyForDeploymentPostprocessing = 0;
		};
/* End PBXSourcesBuildPhase section */

/* Begin PBXVariantGroup section */
		B29587891DB55147003118E5 /* Main.storyboard */ = {
			isa = PBXVariantGroup;
			children = (
				B295878A1DB55147003118E5 /* Base */,
			);
			name = Main.storyboard;
			sourceTree = "<group>";
		};
		B295878E1DB55147003118E5 /* LaunchScreen.storyboard */ = {
			isa = PBXVariantGroup;
			children = (
				B295878F1DB55147003118E5 /* Base */,
			);
			name = LaunchScreen.storyboard;
			sourceTree = "<group>";
		};
/* End PBXVariantGroup section */

/* Begin XCBuildConfiguration section */
		B29587921DB55147003118E5 /* Debug */ = {
			isa = XCBuildConfiguration;
			buildSettings = {
				ALWAYS_SEARCH_USER_PATHS = NO;
				CLANG_ANALYZER_NONNULL = YES;
				CLANG_CXX_LANGUAGE_STANDARD = "gnu++0x";
				CLANG_CXX_LIBRARY = "libc++";
				CLANG_ENABLE_MODULES = YES;
				CLANG_ENABLE_OBJC_ARC = YES;
				CLANG_WARN_BOOL_CONVERSION = YES;
				CLANG_WARN_CONSTANT_CONVERSION = YES;
				CLANG_WARN_DIRECT_OBJC_ISA_USAGE = YES_ERROR;
				CLANG_WARN_DOCUMENTATION_COMMENTS = YES;
				CLANG_WARN_EMPTY_BODY = YES;
				CLANG_WARN_ENUM_CONVERSION = YES;
				CLANG_WARN_INFINITE_RECURSION = YES;
				CLANG_WARN_INT_CONVERSION = YES;
				CLANG_WARN_OBJC_ROOT_CLASS = YES_ERROR;
				CLANG_WARN_SUSPICIOUS_MOVES = YES;
				CLANG_WARN_UNREACHABLE_CODE = YES;
				CLANG_WARN__DUPLICATE_METHOD_MATCH = YES;
				"CODE_SIGN_IDENTITY[sdk=iphoneos*]" = "iPhone Developer";
				COPY_PHASE_STRIP = NO;
				DEBUG_INFORMATION_FORMAT = dwarf;
				ENABLE_STRICT_OBJC_MSGSEND = YES;
				ENABLE_TESTABILITY = YES;
				GCC_C_LANGUAGE_STANDARD = gnu99;
				GCC_DYNAMIC_NO_PIC = NO;
				GCC_NO_COMMON_BLOCKS = YES;
				GCC_OPTIMIZATION_LEVEL = 0;
				GCC_PREPROCESSOR_DEFINITIONS = (
					"DEBUG=1",
					"$(inherited)",
				);
				GCC_WARN_64_TO_32_BIT_CONVERSION = YES;
				GCC_WARN_ABOUT_RETURN_TYPE = YES_ERROR;
				GCC_WARN_UNDECLARED_SELECTOR = YES;
				GCC_WARN_UNINITIALIZED_AUTOS = YES_AGGRESSIVE;
				GCC_WARN_UNUSED_FUNCTION = YES;
				GCC_WARN_UNUSED_VARIABLE = YES;
				IPHONEOS_DEPLOYMENT_TARGET = 10.0;
				MTL_ENABLE_DEBUG_INFO = YES;
				ONLY_ACTIVE_ARCH = YES;
				SDKROOT = iphoneos;
				SWIFT_ACTIVE_COMPILATION_CONDITIONS = DEBUG;
				SWIFT_OPTIMIZATION_LEVEL = "-Onone";
				TARGETED_DEVICE_FAMILY = "1,2";
			};
			name = Debug;
		};
		B29587931DB55147003118E5 /* Release */ = {
			isa = XCBuildConfiguration;
			buildSettings = {
				ALWAYS_SEARCH_USER_PATHS = NO;
				CLANG_ANALYZER_NONNULL = YES;
				CLANG_CXX_LANGUAGE_STANDARD = "gnu++0x";
				CLANG_CXX_LIBRARY = "libc++";
				CLANG_ENABLE_MODULES = YES;
				CLANG_ENABLE_OBJC_ARC = YES;
				CLANG_WARN_BOOL_CONVERSION = YES;
				CLANG_WARN_CONSTANT_CONVERSION = YES;
				CLANG_WARN_DIRECT_OBJC_ISA_USAGE = YES_ERROR;
				CLANG_WARN_DOCUMENTATION_COMMENTS = YES;
				CLANG_WARN_EMPTY_BODY = YES;
				CLANG_WARN_ENUM_CONVERSION = YES;
				CLANG_WARN_INFINITE_RECURSION = YES;
				CLANG_WARN_INT_CONVERSION = YES;
				CLANG_WARN_OBJC_ROOT_CLASS = YES_ERROR;
				CLANG_WARN_SUSPICIOUS_MOVES = YES;
				CLANG_WARN_UNREACHABLE_CODE = YES;
				CLANG_WARN__DUPLICATE_METHOD_MATCH = YES;
				"CODE_SIGN_IDENTITY[sdk=iphoneos*]" = "iPhone Developer";
				COPY_PHASE_STRIP = NO;
				DEBUG_INFORMATION_FORMAT = "dwarf-with-dsym";
				ENABLE_NS_ASSERTIONS = NO;
				ENABLE_STRICT_OBJC_MSGSEND = YES;
				GCC_C_LANGUAGE_STANDARD = gnu99;
				GCC_NO_COMMON_BLOCKS = YES;
				GCC_WARN_64_TO_32_BIT_CONVERSION = YES;
				GCC_WARN_ABOUT_RETURN_TYPE = YES_ERROR;
				GCC_WARN_UNDECLARED_SELECTOR = YES;
				GCC_WARN_UNINITIALIZED_AUTOS = YES_AGGRESSIVE;
				GCC_WARN_UNUSED_FUNCTION = YES;
				GCC_WARN_UNUSED_VARIABLE = YES;
				IPHONEOS_DEPLOYMENT_TARGET = 10.0;
				MTL_ENABLE_DEBUG_INFO = NO;
				SDKROOT = iphoneos;
				SWIFT_OPTIMIZATION_LEVEL = "-Owholemodule";
				TARGETED_DEVICE_FAMILY = "1,2";
				VALIDATE_PRODUCT = YES;
			};
			name = Release;
		};
		B29587951DB55147003118E5 /* Debug */ = {
			isa = XCBuildConfiguration;
			buildSettings = {
				ASSETCATALOG_COMPILER_APPICON_NAME = AppIcon;
				DEVELOPMENT_TEAM = 4EU4PGMLU9;
				FRAMEWORK_SEARCH_PATHS = (
					"$(inherited)",
					"$(PROJECT_DIR)",
				);
				INFOPLIST_FILE = BaaSKitTestApp/Info.plist;
				LD_RUNPATH_SEARCH_PATHS = "$(inherited) @executable_path/Frameworks";
				PRODUCT_BUNDLE_IDENTIFIER = barnard.com.BaaSKitTestApp;
				PRODUCT_NAME = "$(TARGET_NAME)";
				SWIFT_VERSION = 3.0;
			};
			name = Debug;
		};
		B29587961DB55147003118E5 /* Release */ = {
			isa = XCBuildConfiguration;
			buildSettings = {
				ASSETCATALOG_COMPILER_APPICON_NAME = AppIcon;
				DEVELOPMENT_TEAM = 4EU4PGMLU9;
				FRAMEWORK_SEARCH_PATHS = (
					"$(inherited)",
					"$(PROJECT_DIR)",
				);
				INFOPLIST_FILE = BaaSKitTestApp/Info.plist;
				LD_RUNPATH_SEARCH_PATHS = "$(inherited) @executable_path/Frameworks";
				PRODUCT_BUNDLE_IDENTIFIER = barnard.com.BaaSKitTestApp;
				PRODUCT_NAME = "$(TARGET_NAME)";
				SWIFT_VERSION = 3.0;
			};
			name = Release;
		};
/* End XCBuildConfiguration section */

/* Begin XCConfigurationList section */
		B295877D1DB55147003118E5 /* Build configuration list for PBXProject "BaaSKitTestApp" */ = {
			isa = XCConfigurationList;
			buildConfigurations = (
				B29587921DB55147003118E5 /* Debug */,
				B29587931DB55147003118E5 /* Release */,
			);
			defaultConfigurationIsVisible = 0;
			defaultConfigurationName = Release;
		};
		B29587941DB55147003118E5 /* Build configuration list for PBXNativeTarget "BaaSKitTestApp" */ = {
			isa = XCConfigurationList;
			buildConfigurations = (
				B29587951DB55147003118E5 /* Debug */,
				B29587961DB55147003118E5 /* Release */,
			);
			defaultConfigurationIsVisible = 0;
		};
/* End XCConfigurationList section */
	};
	rootObject = B295877A1DB55147003118E5 /* Project object */;
}
